
Microsoft Visual Studio Solution File, Format Version 12.00
# Visual Studio Version 17
VisualStudioVersion = 17.0.31903.59
MinimumVisualStudioVersion = 10.0.40219.1
Project("{2150E333-8FDC-42A3-9474-1A3956D46DE8}") = "src", "src", "{827E0CD3-B72D-47B6-A68D-7590B98EB39B}"
EndProject
Project("{FAE04EC0-301F-11D3-BF4B-00C04F79EFBC}") = "USDM_MindMap_Editor.Core", "src\USDM_MindMap_Editor.Core\USDM_MindMap_Editor.Core.csproj", "{B7CDF5BE-351C-4B50-9BBA-2E2A1F0B17F1}"
EndProject
Project("{FAE04EC0-301F-11D3-BF4B-00C04F79EFBC}") = "USDM_MindMap_Editor.Web", "src\USDM_MindMap_Editor.Web\USDM_MindMap_Editor.Web.csproj", "{3488A1FD-8169-472B-8D98-4F1A5A6A42C9}"
EndProject
Project("{2150E333-8FDC-42A3-9474-1A3956D46DE8}") = "tests", "tests", "{0AB3BF05-4346-4AA6-1389-037BE0695223}"
EndProject
Project("{FAE04EC0-301F-11D3-BF4B-00C04F79EFBC}") = "USDM_MindMap_Editor.Core.Tests", "tests\USDM_MindMap_Editor.Core.Tests\USDM_MindMap_Editor.Core.Tests.csproj", "{B536D292-E40B-4555-9836-7F57B68E0F2C}"
EndProject
Global
	GlobalSection(SolutionConfigurationPlatforms) = preSolution
		Debug|Any CPU = Debug|Any CPU
		Debug|x64 = Debug|x64
		Debug|x86 = Debug|x86
		Release|Any CPU = Release|Any CPU
		Release|x64 = Release|x64
		Release|x86 = Release|x86
	EndGlobalSection
	GlobalSection(ProjectConfigurationPlatforms) = postSolution
		{B7CDF5BE-351C-4B50-9BBA-2E2A1F0B17F1}.Debug|Any CPU.ActiveCfg = Debug|Any CPU
		{B7CDF5BE-351C-4B50-9BBA-2E2A1F0B17F1}.Debug|Any CPU.Build.0 = Debug|Any CPU
		{B7CDF5BE-351C-4B50-9BBA-2E2A1F0B17F1}.Debug|x64.ActiveCfg = Debug|Any CPU
		{B7CDF5BE-351C-4B50-9BBA-2E2A1F0B17F1}.Debug|x64.Build.0 = Debug|Any CPU
		{B7CDF5BE-351C-4B50-9BBA-2E2A1F0B17F1}.Debug|x86.ActiveCfg = Debug|Any CPU
		{B7CDF5BE-351C-4B50-9BBA-2E2A1F0B17F1}.Debug|x86.Build.0 = Debug|Any CPU
		{B7CDF5BE-351C-4B50-9BBA-2E2A1F0B17F1}.Release|Any CPU.ActiveCfg = Release|Any CPU
		{B7CDF5BE-351C-4B50-9BBA-2E2A1F0B17F1}.Release|Any CPU.Build.0 = Release|Any CPU
		{B7CDF5BE-351C-4B50-9BBA-2E2A1F0B17F1}.Release|x64.ActiveCfg = Release|Any CPU
		{B7CDF5BE-351C-4B50-9BBA-2E2A1F0B17F1}.Release|x64.Build.0 = Release|Any CPU
		{B7CDF5BE-351C-4B50-9BBA-2E2A1F0B17F1}.Release|x86.ActiveCfg = Release|Any CPU
		{B7CDF5BE-351C-4B50-9BBA-2E2A1F0B17F1}.Release|x86.Build.0 = Release|Any CPU
		{3488A1FD-8169-472B-8D98-4F1A5A6A42C9}.Debug|Any CPU.ActiveCfg = Debug|Any CPU
		{3488A1FD-8169-472B-8D98-4F1A5A6A42C9}.Debug|Any CPU.Build.0 = Debug|Any CPU
		{3488A1FD-8169-472B-8D98-4F1A5A6A42C9}.Debug|x64.ActiveCfg = Debug|Any CPU
		{3488A1FD-8169-472B-8D98-4F1A5A6A42C9}.Debug|x64.Build.0 = Debug|Any CPU
		{3488A1FD-8169-472B-8D98-4F1A5A6A42C9}.Debug|x86.ActiveCfg = Debug|Any CPU
		{3488A1FD-8169-472B-8D98-4F1A5A6A42C9}.Debug|x86.Build.0 = Debug|Any CPU
		{3488A1FD-8169-472B-8D98-4F1A5A6A42C9}.Release|Any CPU.ActiveCfg = Release|Any CPU
		{3488A1FD-8169-472B-8D98-4F1A5A6A42C9}.Release|Any CPU.Build.0 = Release|Any CPU
		{3488A1FD-8169-472B-8D98-4F1A5A6A42C9}.Release|x64.ActiveCfg = Release|Any CPU
		{3488A1FD-8169-472B-8D98-4F1A5A6A42C9}.Release|x64.Build.0 = Release|Any CPU
		{3488A1FD-8169-472B-8D98-4F1A5A6A42C9}.Release|x86.ActiveCfg = Release|Any CPU
		{3488A1FD-8169-472B-8D98-4F1A5A6A42C9}.Release|x86.Build.0 = Release|Any CPU
		{B536D292-E40B-4555-9836-7F57B68E0F2C}.Debug|Any CPU.ActiveCfg = Debug|Any CPU
		{B536D292-E40B-4555-9836-7F57B68E0F2C}.Debug|Any CPU.Build.0 = Debug|Any CPU
		{B536D292-E40B-4555-9836-7F57B68E0F2C}.Debug|x64.ActiveCfg = Debug|Any CPU
		{B536D292-E40B-4555-9836-7F57B68E0F2C}.Debug|x64.Build.0 = Debug|Any CPU
		{B536D292-E40B-4555-9836-7F57B68E0F2C}.Debug|x86.ActiveCfg = Debug|Any CPU
		{B536D292-E40B-4555-9836-7F57B68E0F2C}.Debug|x86.Build.0 = Debug|Any CPU
		{B536D292-E40B-4555-9836-7F57B68E0F2C}.Release|Any CPU.ActiveCfg = Release|Any CPU
		{B536D292-E40B-4555-9836-7F57B68E0F2C}.Release|Any CPU.Build.0 = Release|Any CPU
		{B536D292-E40B-4555-9836-7F57B68E0F2C}.Release|x64.ActiveCfg = Release|Any CPU
		{B536D292-E40B-4555-9836-7F57B68E0F2C}.Release|x64.Build.0 = Release|Any CPU
		{B536D292-E40B-4555-9836-7F57B68E0F2C}.Release|x86.ActiveCfg = Release|Any CPU
		{B536D292-E40B-4555-9836-7F57B68E0F2C}.Release|x86.Build.0 = Release|Any CPU
	EndGlobalSection
	GlobalSection(SolutionProperties) = preSolution
		HideSolutionNode = FALSE
	EndGlobalSection
	GlobalSection(NestedProjects) = preSolution
		{B7CDF5BE-351C-4B50-9BBA-2E2A1F0B17F1} = {827E0CD3-B72D-47B6-A68D-7590B98EB39B}
		{3488A1FD-8169-472B-8D98-4F1A5A6A42C9} = {827E0CD3-B72D-47B6-A68D-7590B98EB39B}
		{B536D292-E40B-4555-9836-7F57B68E0F2C} = {0AB3BF05-4346-4AA6-1389-037BE0695223}
	EndGlobalSection
EndGlobal
